
Microsoft Visual Studio Solution File, Format Version 12.00
# Visual Studio Version 17
VisualStudioVersion = 17.9.34728.123
MinimumVisualStudioVersion = 10.0.40219.1
Project("{FAE04EC0-301F-11D3-BF4B-00C04F79EFBC}") = "SimulationModelling.Lab1", "SimulationModelling.Lab1\SimulationModelling.Lab1.csproj", "{2AED39A4-794E-4C0D-8BF8-37D1A5D98E28}"
EndProject
Project("{FAE04EC0-301F-11D3-BF4B-00C04F79EFBC}") = "SimulationModelling.Lab2", "SimulationModelling.Lab2\SimulationModelling.Lab2.csproj", "{50310C1C-25D1-47C7-B217-3193C72AD8C5}"
EndProject
Project("{9A19103F-16F7-4668-BE54-9A1E7A4F7556}") = "SimulationModelling.Lab4", "SimulationModelling.Lab4\SimulationModelling.Lab4.csproj", "{D84CE987-EC8E-4B1F-8EF6-C8C02FE316E0}"
EndProject
Project("{9A19103F-16F7-4668-BE54-9A1E7A4F7556}") = "Lab8", "Lab8\Lab8.csproj", "{169E0208-B58F-4EAD-9F13-CEA1D0FBF9A3}"
EndProject
Project("{FAE04EC0-301F-11D3-BF4B-00C04F79EFBC}") = "lab8.3", "lab8.3\lab8.3.csproj", "{93A62881-01CE-4A45-A474-879C6D4309D0}"
EndProject
Project("{FAE04EC0-301F-11D3-BF4B-00C04F79EFBC}") = "Lab9", "Lab9\Lab9.csproj", "{210F3781-973A-4D36-8439-FB5431751285}"
EndProject
Global
	GlobalSection(SolutionConfigurationPlatforms) = preSolution
		Debug|Any CPU = Debug|Any CPU
		Release|Any CPU = Release|Any CPU
	EndGlobalSection
	GlobalSection(ProjectConfigurationPlatforms) = postSolution
		{2AED39A4-794E-4C0D-8BF8-37D1A5D98E28}.Debug|Any CPU.ActiveCfg = Debug|Any CPU
		{2AED39A4-794E-4C0D-8BF8-37D1A5D98E28}.Debug|Any CPU.Build.0 = Debug|Any CPU
		{2AED39A4-794E-4C0D-8BF8-37D1A5D98E28}.Release|Any CPU.ActiveCfg = Release|Any CPU
		{2AED39A4-794E-4C0D-8BF8-37D1A5D98E28}.Release|Any CPU.Build.0 = Release|Any CPU
		{50310C1C-25D1-47C7-B217-3193C72AD8C5}.Debug|Any CPU.ActiveCfg = Debug|Any CPU
		{50310C1C-25D1-47C7-B217-3193C72AD8C5}.Debug|Any CPU.Build.0 = Debug|Any CPU
		{50310C1C-25D1-47C7-B217-3193C72AD8C5}.Release|Any CPU.ActiveCfg = Release|Any CPU
		{50310C1C-25D1-47C7-B217-3193C72AD8C5}.Release|Any CPU.Build.0 = Release|Any CPU
		{D84CE987-EC8E-4B1F-8EF6-C8C02FE316E0}.Debug|Any CPU.ActiveCfg = Debug|Any CPU
		{D84CE987-EC8E-4B1F-8EF6-C8C02FE316E0}.Debug|Any CPU.Build.0 = Debug|Any CPU
		{D84CE987-EC8E-4B1F-8EF6-C8C02FE316E0}.Release|Any CPU.ActiveCfg = Release|Any CPU
		{D84CE987-EC8E-4B1F-8EF6-C8C02FE316E0}.Release|Any CPU.Build.0 = Release|Any CPU
		{169E0208-B58F-4EAD-9F13-CEA1D0FBF9A3}.Debug|Any CPU.ActiveCfg = Debug|Any CPU
		{169E0208-B58F-4EAD-9F13-CEA1D0FBF9A3}.Debug|Any CPU.Build.0 = Debug|Any CPU
		{169E0208-B58F-4EAD-9F13-CEA1D0FBF9A3}.Release|Any CPU.ActiveCfg = Release|Any CPU
		{169E0208-B58F-4EAD-9F13-CEA1D0FBF9A3}.Release|Any CPU.Build.0 = Release|Any CPU
		{93A62881-01CE-4A45-A474-879C6D4309D0}.Debug|Any CPU.ActiveCfg = Debug|Any CPU
		{93A62881-01CE-4A45-A474-879C6D4309D0}.Debug|Any CPU.Build.0 = Debug|Any CPU
		{93A62881-01CE-4A45-A474-879C6D4309D0}.Release|Any CPU.ActiveCfg = Release|Any CPU
		{93A62881-01CE-4A45-A474-879C6D4309D0}.Release|Any CPU.Build.0 = Release|Any CPU
		{210F3781-973A-4D36-8439-FB5431751285}.Debug|Any CPU.ActiveCfg = Debug|Any CPU
		{210F3781-973A-4D36-8439-FB5431751285}.Debug|Any CPU.Build.0 = Debug|Any CPU
		{210F3781-973A-4D36-8439-FB5431751285}.Release|Any CPU.ActiveCfg = Release|Any CPU
		{210F3781-973A-4D36-8439-FB5431751285}.Release|Any CPU.Build.0 = Release|Any CPU
	EndGlobalSection
	GlobalSection(SolutionProperties) = preSolution
		HideSolutionNode = FALSE
	EndGlobalSection
	GlobalSection(ExtensibilityGlobals) = postSolution
		SolutionGuid = {DD2F4509-E36F-4475-9F52-EA45258F2FF5}
	EndGlobalSection
EndGlobal
